
Microsoft Visual Studio Solution File, Format Version 12.00
# Visual Studio 15
VisualStudioVersion = 15.0.28010.2048
MinimumVisualStudioVersion = 10.0.40219.1
Project("{8BC9CEB8-8B4A-11D0-8D11-00A0C91BC942}") = "Galicky_Int_Task_Var_28", "Galicky_Int_Task_Var_28\Galicky_Int_Task_Var_28.vcxproj", "{B8D604C5-2AFF-4B99-B4AA-E2254FBAF335}"
EndProject
Global
	GlobalSection(SolutionConfigurationPlatforms) = preSolution
		Debug|x64 = Debug|x64
		Debug|x86 = Debug|x86
		Release|x64 = Release|x64
		Release|x86 = Release|x86
	EndGlobalSection
	GlobalSection(ProjectConfigurationPlatforms) = postSolution
		{B8D604C5-2AFF-4B99-B4AA-E2254FBAF335}.Debug|x64.ActiveCfg = Debug|x64
		{B8D604C5-2AFF-4B99-B4AA-E2254FBAF335}.Debug|x64.Build.0 = Debug|x64
		{B8D604C5-2AFF-4B99-B4AA-E2254FBAF335}.Debug|x86.ActiveCfg = Debug|Win32
		{B8D604C5-2AFF-4B99-B4AA-E2254FBAF335}.Debug|x86.Build.0 = Debug|Win32
		{B8D604C5-2AFF-4B99-B4AA-E2254FBAF335}.Release|x64.ActiveCfg = Release|x64
		{B8D604C5-2AFF-4B99-B4AA-E2254FBAF335}.Release|x64.Build.0 = Release|x64
		{B8D604C5-2AFF-4B99-B4AA-E2254FBAF335}.Release|x86.ActiveCfg = Release|Win32
		{B8D604C5-2AFF-4B99-B4AA-E2254FBAF335}.Release|x86.Build.0 = Release|Win32
	EndGlobalSection
	GlobalSection(SolutionProperties) = preSolution
		HideSolutionNode = FALSE
	EndGlobalSection
	GlobalSection(ExtensibilityGlobals) = postSolution
		SolutionGuid = {8C96BD36-8508-419D-A881-2F213BD622EC}
	EndGlobalSection
EndGlobal
